
Microsoft Visual Studio Solution File, Format Version 12.00
# Visual Studio Version 16
VisualStudioVersion = 16.0.29215.179
MinimumVisualStudioVersion = 10.0.40219.1
Project("{FAE04EC0-301F-11D3-BF4B-00C04F79EFBC}") = "DropperAPI", "DropperAPI\DropperAPI.csproj", "{87A0B471-225A-4ADF-BD13-1F2179234F6A}"
EndProject
Global
	GlobalSection(SolutionConfigurationPlatforms) = preSolution
		Debug|Any CPU = Debug|Any CPU
		Release|Any CPU = Release|Any CPU
	EndGlobalSection
	GlobalSection(ProjectConfigurationPlatforms) = postSolution
		{87A0B471-225A-4ADF-BD13-1F2179234F6A}.Debug|Any CPU.ActiveCfg = Debug|Any CPU
		{87A0B471-225A-4ADF-BD13-1F2179234F6A}.Debug|Any CPU.Build.0 = Debug|Any CPU
		{87A0B471-225A-4ADF-BD13-1F2179234F6A}.Release|Any CPU.ActiveCfg = Release|Any CPU
		{87A0B471-225A-4ADF-BD13-1F2179234F6A}.Release|Any CPU.Build.0 = Release|Any CPU
	EndGlobalSection
	GlobalSection(SolutionProperties) = preSolution
		HideSolutionNode = FALSE
	EndGlobalSection
	GlobalSection(ExtensibilityGlobals) = postSolution
		SolutionGuid = {BCD8CAC9-1B02-4E16-B6E0-43D22EFD672B}
	EndGlobalSection
EndGlobal
