
Microsoft Visual Studio Solution File, Format Version 12.00
# Visual Studio Version 16
VisualStudioVersion = 16.0.29215.179
MinimumVisualStudioVersion = 10.0.40219.1
Project("{FAE04EC0-301F-11D3-BF4B-00C04F79EFBC}") = "Dropper.API", "DropperAPI\Dropper.API.csproj", "{87A0B471-225A-4ADF-BD13-1F2179234F6A}"
	ProjectSection(ProjectDependencies) = postProject
		{32066444-BC5D-4057-AF0A-4B335D956147} = {32066444-BC5D-4057-AF0A-4B335D956147}
		{EC84F268-8BDB-4289-8A46-A267A2DEB5A8} = {EC84F268-8BDB-4289-8A46-A267A2DEB5A8}
		{1236D585-E1FD-46F9-9A3A-85531708002B} = {1236D585-E1FD-46F9-9A3A-85531708002B}
	EndProjectSection
EndProject
Project("{FAE04EC0-301F-11D3-BF4B-00C04F79EFBC}") = "TCC.Dropper.Dom", "TCC.Dropper.Dom\TCC.Dropper.Dom.csproj", "{32066444-BC5D-4057-AF0A-4B335D956147}"
EndProject
Project("{FAE04EC0-301F-11D3-BF4B-00C04F79EFBC}") = "TCC.Dropper.In", "TCC.Dropper.In\TCC.Dropper.In.csproj", "{1236D585-E1FD-46F9-9A3A-85531708002B}"
	ProjectSection(ProjectDependencies) = postProject
		{32066444-BC5D-4057-AF0A-4B335D956147} = {32066444-BC5D-4057-AF0A-4B335D956147}
		{EC84F268-8BDB-4289-8A46-A267A2DEB5A8} = {EC84F268-8BDB-4289-8A46-A267A2DEB5A8}
		{097738A0-8868-4C82-AE40-40314447BF3D} = {097738A0-8868-4C82-AE40-40314447BF3D}
	EndProjectSection
EndProject
Project("{FAE04EC0-301F-11D3-BF4B-00C04F79EFBC}") = "TCC.Dropper.Negocio", "TCC.Dropper.Negocio\TCC.Dropper.Negocio.csproj", "{EC84F268-8BDB-4289-8A46-A267A2DEB5A8}"
	ProjectSection(ProjectDependencies) = postProject
		{32066444-BC5D-4057-AF0A-4B335D956147} = {32066444-BC5D-4057-AF0A-4B335D956147}
		{097738A0-8868-4C82-AE40-40314447BF3D} = {097738A0-8868-4C82-AE40-40314447BF3D}
	EndProjectSection
EndProject
Project("{FAE04EC0-301F-11D3-BF4B-00C04F79EFBC}") = "TCC.Dropper.Negocio.Repositorio", "TCC.Dropper.Negocio.Repositorio\TCC.Dropper.Negocio.Repositorio.csproj", "{097738A0-8868-4C82-AE40-40314447BF3D}"
	ProjectSection(ProjectDependencies) = postProject
		{32066444-BC5D-4057-AF0A-4B335D956147} = {32066444-BC5D-4057-AF0A-4B335D956147}
	EndProjectSection
EndProject
Global
	GlobalSection(SolutionConfigurationPlatforms) = preSolution
		Debug|Any CPU = Debug|Any CPU
		Release|Any CPU = Release|Any CPU
	EndGlobalSection
	GlobalSection(ProjectConfigurationPlatforms) = postSolution
		{87A0B471-225A-4ADF-BD13-1F2179234F6A}.Debug|Any CPU.ActiveCfg = Debug|Any CPU
		{87A0B471-225A-4ADF-BD13-1F2179234F6A}.Debug|Any CPU.Build.0 = Debug|Any CPU
		{87A0B471-225A-4ADF-BD13-1F2179234F6A}.Release|Any CPU.ActiveCfg = Release|Any CPU
		{87A0B471-225A-4ADF-BD13-1F2179234F6A}.Release|Any CPU.Build.0 = Release|Any CPU
		{32066444-BC5D-4057-AF0A-4B335D956147}.Debug|Any CPU.ActiveCfg = Debug|Any CPU
		{32066444-BC5D-4057-AF0A-4B335D956147}.Debug|Any CPU.Build.0 = Debug|Any CPU
		{32066444-BC5D-4057-AF0A-4B335D956147}.Release|Any CPU.ActiveCfg = Release|Any CPU
		{32066444-BC5D-4057-AF0A-4B335D956147}.Release|Any CPU.Build.0 = Release|Any CPU
		{1236D585-E1FD-46F9-9A3A-85531708002B}.Debug|Any CPU.ActiveCfg = Debug|Any CPU
		{1236D585-E1FD-46F9-9A3A-85531708002B}.Debug|Any CPU.Build.0 = Debug|Any CPU
		{1236D585-E1FD-46F9-9A3A-85531708002B}.Release|Any CPU.ActiveCfg = Release|Any CPU
		{1236D585-E1FD-46F9-9A3A-85531708002B}.Release|Any CPU.Build.0 = Release|Any CPU
		{EC84F268-8BDB-4289-8A46-A267A2DEB5A8}.Debug|Any CPU.ActiveCfg = Debug|Any CPU
		{EC84F268-8BDB-4289-8A46-A267A2DEB5A8}.Debug|Any CPU.Build.0 = Debug|Any CPU
		{EC84F268-8BDB-4289-8A46-A267A2DEB5A8}.Release|Any CPU.ActiveCfg = Release|Any CPU
		{EC84F268-8BDB-4289-8A46-A267A2DEB5A8}.Release|Any CPU.Build.0 = Release|Any CPU
		{097738A0-8868-4C82-AE40-40314447BF3D}.Debug|Any CPU.ActiveCfg = Debug|Any CPU
		{097738A0-8868-4C82-AE40-40314447BF3D}.Debug|Any CPU.Build.0 = Debug|Any CPU
		{097738A0-8868-4C82-AE40-40314447BF3D}.Release|Any CPU.ActiveCfg = Release|Any CPU
		{097738A0-8868-4C82-AE40-40314447BF3D}.Release|Any CPU.Build.0 = Release|Any CPU
	EndGlobalSection
	GlobalSection(SolutionProperties) = preSolution
		HideSolutionNode = FALSE
	EndGlobalSection
	GlobalSection(ExtensibilityGlobals) = postSolution
		SolutionGuid = {BCD8CAC9-1B02-4E16-B6E0-43D22EFD672B}
	EndGlobalSection
EndGlobal
